{
    "_meta": {
        "hash": {
            "sha256": "940bc84ac91605c695da44bfbe1f4e668682f35e1e2ac946f25a974d876d635f"
        },
        "pipfile-spec": 6,
        "requires": {
            "python_version": "3.10"
        },
        "sources": [
            {
                "name": "pypi",
                "url": "https://pypi.org/simple",
                "verify_ssl": true
            }
        ]
    },
    "default": {
        "async-timeout": {
            "hashes": [
                "sha256:4640d96be84d82d02ed59ea2b7105a0f7b33abe8703703cd0ab0bf87c427522f",
                "sha256:7405140ff1230c310e51dc27b3145b9092d659ce68ff733fb0cefe3ee42be028"
            ],
            "markers": "python_full_version < '3.11.3'",
            "version": "==4.0.3"
        },
        "pyserial": {
            "hashes": [
                "sha256:3c77e014170dfffbd816e6ffc205e9842efb10be9f58ec16d3e8675b4925cddb",
                "sha256:c4451db6ba391ca6ca299fb3ec7bae67a5c55dde170964c7a14ceefec02f2cf0"
            ],
            "index": "pypi",
            "version": "==3.5"
        },
        "redis": {
            "hashes": [
                "sha256:7adc2835c7a9b5033b7ad8f8918d09b7344188228809c98df07af226d39dec91",
                "sha256:ec31f2ed9675cc54c21ba854cfe0462e6faf1d83c8ce5944709db8a4700b9c61"
            ],
            "index": "pypi",
            "version": "==5.0.4"
        }
    },
    "develop": {}
}
